// !$*UTF8*$!
{
	archiveVersion = 1;
	classes = {
	};
	objectVersion = 56;
	objects = {

/* Begin PBXBuildFile section */
		5274C0FD2A7E8E11006D3E1A /* AppDelegate.swift in Sources */ = {isa = PBXBuildFile; fileRef = 5274C0FC2A7E8E11006D3E1A /* AppDelegate.swift */; };
		5274C0FF2A7E8E11006D3E1A /* SceneDelegate.swift in Sources */ = {isa = PBXBuildFile; fileRef = 5274C0FE2A7E8E11006D3E1A /* SceneDelegate.swift */; };
		5274C1012A7E8E11006D3E1A /* CalculateViewController.swift in Sources */ = {isa = PBXBuildFile; fileRef = 5274C1002A7E8E11006D3E1A /* CalculateViewController.swift */; };
		5274C1042A7E8E11006D3E1A /* Main.storyboard in Resources */ = {isa = PBXBuildFile; fileRef = 5274C1022A7E8E11006D3E1A /* Main.storyboard */; };
		5274C1062A7E8E12006D3E1A /* Assets.xcassets in Resources */ = {isa = PBXBuildFile; fileRef = 5274C1052A7E8E12006D3E1A /* Assets.xcassets */; };
		5274C1092A7E8E12006D3E1A /* LaunchScreen.storyboard in Resources */ = {isa = PBXBuildFile; fileRef = 5274C1072A7E8E12006D3E1A /* LaunchScreen.storyboard */; };
		5274C11B2A7EA792006D3E1A /* ResultViewController.swift in Sources */ = {isa = PBXBuildFile; fileRef = 5274C11A2A7EA792006D3E1A /* ResultViewController.swift */; };
		5274C11D2A7EBBB7006D3E1A /* CalculatorBrain.swift in Sources */ = {isa = PBXBuildFile; fileRef = 5274C11C2A7EBBB7006D3E1A /* CalculatorBrain.swift */; };
		5274C11F2A7EC1CF006D3E1A /* BMI.swift in Sources */ = {isa = PBXBuildFile; fileRef = 5274C11E2A7EC1CF006D3E1A /* BMI.swift */; };
/* End PBXBuildFile section */

/* Begin PBXFileReference section */
		5274C0F92A7E8E11006D3E1A /* BMICalculator.app */ = {isa = PBXFileReference; explicitFileType = wrapper.application; includeInIndex = 0; path = BMICalculator.app; sourceTree = BUILT_PRODUCTS_DIR; };
		5274C0FC2A7E8E11006D3E1A /* AppDelegate.swift */ = {isa = PBXFileReference; lastKnownFileType = sourcecode.swift; path = AppDelegate.swift; sourceTree = "<group>"; };
		5274C0FE2A7E8E11006D3E1A /* SceneDelegate.swift */ = {isa = PBXFileReference; lastKnownFileType = sourcecode.swift; path = SceneDelegate.swift; sourceTree = "<group>"; };
		5274C1002A7E8E11006D3E1A /* CalculateViewController.swift */ = {isa = PBXFileReference; lastKnownFileType = sourcecode.swift; path = CalculateViewController.swift; sourceTree = "<group>"; };
		5274C1032A7E8E11006D3E1A /* Base */ = {isa = PBXFileReference; lastKnownFileType = file.storyboard; name = Base; path = Base.lproj/Main.storyboard; sourceTree = "<group>"; };
		5274C1052A7E8E12006D3E1A /* Assets.xcassets */ = {isa = PBXFileReference; lastKnownFileType = folder.assetcatalog; path = Assets.xcassets; sourceTree = "<group>"; };
		5274C1082A7E8E12006D3E1A /* Base */ = {isa = PBXFileReference; lastKnownFileType = file.storyboard; name = Base; path = Base.lproj/LaunchScreen.storyboard; sourceTree = "<group>"; };
		5274C10A2A7E8E12006D3E1A /* Info.plist */ = {isa = PBXFileReference; lastKnownFileType = text.plist.xml; path = Info.plist; sourceTree = "<group>"; };
		5274C11A2A7EA792006D3E1A /* ResultViewController.swift */ = {isa = PBXFileReference; lastKnownFileType = sourcecode.swift; name = ResultViewController.swift; path = BMICalculator/Controller/ResultViewController.swift; sourceTree = SOURCE_ROOT; };
		5274C11C2A7EBBB7006D3E1A /* CalculatorBrain.swift */ = {isa = PBXFileReference; lastKnownFileType = sourcecode.swift; path = CalculatorBrain.swift; sourceTree = "<group>"; };
		5274C11E2A7EC1CF006D3E1A /* BMI.swift */ = {isa = PBXFileReference; lastKnownFileType = sourcecode.swift; path = BMI.swift; sourceTree = "<group>"; };
/* End PBXFileReference section */

/* Begin PBXFrameworksBuildPhase section */
		5274C0F62A7E8E11006D3E1A /* Frameworks */ = {
			isa = PBXFrameworksBuildPhase;
			buildActionMask = 2147483647;
			files = (
			);
			runOnlyForDeploymentPostprocessing = 0;
		};
/* End PBXFrameworksBuildPhase section */

/* Begin PBXGroup section */
		5274C0F02A7E8E11006D3E1A = {
			isa = PBXGroup;
			children = (
				5274C0FB2A7E8E11006D3E1A /* BMICalculator */,
				5274C0FA2A7E8E11006D3E1A /* Products */,
			);
			sourceTree = "<group>";
		};
		5274C0FA2A7E8E11006D3E1A /* Products */ = {
			isa = PBXGroup;
			children = (
				5274C0F92A7E8E11006D3E1A /* BMICalculator.app */,
			);
			name = Products;
			sourceTree = "<group>";
		};
		5274C0FB2A7E8E11006D3E1A /* BMICalculator */ = {
			isa = PBXGroup;
			children = (
				5274C1132A7E8EE6006D3E1A /* Application */,
				5274C1102A7E8ED5006D3E1A /* Model */,
				5274C1112A7E8EDE006D3E1A /* Views */,
				5274C1122A7E8EE1006D3E1A /* Controller */,
				5274C1142A7E8EEA006D3E1A /* Supporting Files */,
			);
			path = BMICalculator;
			sourceTree = "<group>";
		};
		5274C1102A7E8ED5006D3E1A /* Model */ = {
			isa = PBXGroup;
			children = (
				5274C11C2A7EBBB7006D3E1A /* CalculatorBrain.swift */,
				5274C11E2A7EC1CF006D3E1A /* BMI.swift */,
			);
			path = Model;
			sourceTree = "<group>";
		};
		5274C1112A7E8EDE006D3E1A /* Views */ = {
			isa = PBXGroup;
			children = (
				5274C1022A7E8E11006D3E1A /* Main.storyboard */,
			);
			path = Views;
			sourceTree = "<group>";
		};
		5274C1122A7E8EE1006D3E1A /* Controller */ = {
			isa = PBXGroup;
			children = (
				5274C1002A7E8E11006D3E1A /* CalculateViewController.swift */,
				5274C11A2A7EA792006D3E1A /* ResultViewController.swift */,
			);
			path = Controller;
			sourceTree = "<group>";
		};
		5274C1132A7E8EE6006D3E1A /* Application */ = {
			isa = PBXGroup;
			children = (
				5274C0FC2A7E8E11006D3E1A /* AppDelegate.swift */,
				5274C0FE2A7E8E11006D3E1A /* SceneDelegate.swift */,
			);
			path = Application;
			sourceTree = "<group>";
		};
		5274C1142A7E8EEA006D3E1A /* Supporting Files */ = {
			isa = PBXGroup;
			children = (
				5274C1052A7E8E12006D3E1A /* Assets.xcassets */,
				5274C1072A7E8E12006D3E1A /* LaunchScreen.storyboard */,
				5274C10A2A7E8E12006D3E1A /* Info.plist */,
			);
			path = "Supporting Files";
			sourceTree = "<group>";
		};
/* End PBXGroup section */

/* Begin PBXNativeTarget section */
		5274C0F82A7E8E11006D3E1A /* BMICalculator */ = {
			isa = PBXNativeTarget;
			buildConfigurationList = 5274C10D2A7E8E12006D3E1A /* Build configuration list for PBXNativeTarget "BMICalculator" */;
			buildPhases = (
				5274C0F52A7E8E11006D3E1A /* Sources */,
				5274C0F62A7E8E11006D3E1A /* Frameworks */,
				5274C0F72A7E8E11006D3E1A /* Resources */,
			);
			buildRules = (
			);
			dependencies = (
			);
			name = BMICalculator;
			productName = BMICalculator;
			productReference = 5274C0F92A7E8E11006D3E1A /* BMICalculator.app */;
			productType = "com.apple.product-type.application";
		};
/* End PBXNativeTarget section */

/* Begin PBXProject section */
		5274C0F12A7E8E11006D3E1A /* Project object */ = {
			isa = PBXProject;
			attributes = {
				BuildIndependentTargetsInParallel = 1;
				LastSwiftUpdateCheck = 1430;
				LastUpgradeCheck = 1430;
				TargetAttributes = {
					5274C0F82A7E8E11006D3E1A = {
						CreatedOnToolsVersion = 14.3.1;
					};
				};
			};
			buildConfigurationList = 5274C0F42A7E8E11006D3E1A /* Build configuration list for PBXProject "BMICalculator" */;
			compatibilityVersion = "Xcode 14.0";
			developmentRegion = en;
			hasScannedForEncodings = 0;
			knownRegions = (
				en,
				Base,
			);
			mainGroup = 5274C0F02A7E8E11006D3E1A;
			productRefGroup = 5274C0FA2A7E8E11006D3E1A /* Products */;
			projectDirPath = "";
			projectRoot = "";
			targets = (
				5274C0F82A7E8E11006D3E1A /* BMICalculator */,
			);
		};
/* End PBXProject section */

/* Begin PBXResourcesBuildPhase section */
		5274C0F72A7E8E11006D3E1A /* Resources */ = {
			isa = PBXResourcesBuildPhase;
			buildActionMask = 2147483647;
			files = (
				5274C1092A7E8E12006D3E1A /* LaunchScreen.storyboard in Resources */,
				5274C1062A7E8E12006D3E1A /* Assets.xcassets in Resources */,
				5274C1042A7E8E11006D3E1A /* Main.storyboard in Resources */,
			);
			runOnlyForDeploymentPostprocessing = 0;
		};
/* End PBXResourcesBuildPhase section */

/* Begin PBXSourcesBuildPhase section */
		5274C0F52A7E8E11006D3E1A /* Sources */ = {
			isa = PBXSourcesBuildPhase;
			buildActionMask = 2147483647;
			files = (
				5274C11B2A7EA792006D3E1A /* ResultViewController.swift in Sources */,
				5274C1012A7E8E11006D3E1A /* CalculateViewController.swift in Sources */,
				5274C0FD2A7E8E11006D3E1A /* AppDelegate.swift in Sources */,
				5274C11D2A7EBBB7006D3E1A /* CalculatorBrain.swift in Sources */,
				5274C11F2A7EC1CF006D3E1A /* BMI.swift in Sources */,
				5274C0FF2A7E8E11006D3E1A /* SceneDelegate.swift in Sources */,
			);
			runOnlyForDeploymentPostprocessing = 0;
		};
/* End PBXSourcesBuildPhase section */

/* Begin PBXVariantGroup section */
		5274C1022A7E8E11006D3E1A /* Main.storyboard */ = {
			isa = PBXVariantGroup;
			children = (
				5274C1032A7E8E11006D3E1A /* Base */,
			);
			name = Main.storyboard;
			sourceTree = "<group>";
		};
		5274C1072A7E8E12006D3E1A /* LaunchScreen.storyboard */ = {
			isa = PBXVariantGroup;
			children = (
				5274C1082A7E8E12006D3E1A /* Base */,
			);
			name = LaunchScreen.storyboard;
			sourceTree = "<group>";
		};
/* End PBXVariantGroup section */

/* Begin XCBuildConfiguration section */
		5274C10B2A7E8E12006D3E1A /* Debug */ = {
			isa = XCBuildConfiguration;
			buildSettings = {
				ALWAYS_SEARCH_USER_PATHS = NO;
				CLANG_ANALYZER_NONNULL = YES;
				CLANG_ANALYZER_NUMBER_OBJECT_CONVERSION = YES_AGGRESSIVE;
				CLANG_CXX_LANGUAGE_STANDARD = "gnu++20";
				CLANG_ENABLE_MODULES = YES;
				CLANG_ENABLE_OBJC_ARC = YES;
				CLANG_ENABLE_OBJC_WEAK = YES;
				CLANG_WARN_BLOCK_CAPTURE_AUTORELEASING = YES;
				CLANG_WARN_BOOL_CONVERSION = YES;
				CLANG_WARN_COMMA = YES;
				CLANG_WARN_CONSTANT_CONVERSION = YES;
				CLANG_WARN_DEPRECATED_OBJC_IMPLEMENTATIONS = YES;
				CLANG_WARN_DIRECT_OBJC_ISA_USAGE = YES_ERROR;
				CLANG_WARN_DOCUMENTATION_COMMENTS = YES;
				CLANG_WARN_EMPTY_BODY = YES;
				CLANG_WARN_ENUM_CONVERSION = YES;
				CLANG_WARN_INFINITE_RECURSION = YES;
				CLANG_WARN_INT_CONVERSION = YES;
				CLANG_WARN_NON_LITERAL_NULL_CONVERSION = YES;
				CLANG_WARN_OBJC_IMPLICIT_RETAIN_SELF = YES;
				CLANG_WARN_OBJC_LITERAL_CONVERSION = YES;
				CLANG_WARN_OBJC_ROOT_CLASS = YES_ERROR;
				CLANG_WARN_QUOTED_INCLUDE_IN_FRAMEWORK_HEADER = YES;
				CLANG_WARN_RANGE_LOOP_ANALYSIS = YES;
				CLANG_WARN_STRICT_PROTOTYPES = YES;
				CLANG_WARN_SUSPICIOUS_MOVE = YES;
				CLANG_WARN_UNGUARDED_AVAILABILITY = YES_AGGRESSIVE;
				CLANG_WARN_UNREACHABLE_CODE = YES;
				CLANG_WARN__DUPLICATE_METHOD_MATCH = YES;
				COPY_PHASE_STRIP = NO;
				DEBUG_INFORMATION_FORMAT = dwarf;
				ENABLE_STRICT_OBJC_MSGSEND = YES;
				ENABLE_TESTABILITY = YES;
				GCC_C_LANGUAGE_STANDARD = gnu11;
				GCC_DYNAMIC_NO_PIC = NO;
				GCC_NO_COMMON_BLOCKS = YES;
				GCC_OPTIMIZATION_LEVEL = 0;
				GCC_PREPROCESSOR_DEFINITIONS = (
					"DEBUG=1",
					"$(inherited)",
				);
				GCC_WARN_64_TO_32_BIT_CONVERSION = YES;
				GCC_WARN_ABOUT_RETURN_TYPE = YES_ERROR;
				GCC_WARN_UNDECLARED_SELECTOR = YES;
				GCC_WARN_UNINITIALIZED_AUTOS = YES_AGGRESSIVE;
				GCC_WARN_UNUSED_FUNCTION = YES;
				GCC_WARN_UNUSED_VARIABLE = YES;
				IPHONEOS_DEPLOYMENT_TARGET = 16.4;
				MTL_ENABLE_DEBUG_INFO = INCLUDE_SOURCE;
				MTL_FAST_MATH = YES;
				ONLY_ACTIVE_ARCH = YES;
				SDKROOT = iphoneos;
				SWIFT_ACTIVE_COMPILATION_CONDITIONS = DEBUG;
				SWIFT_OPTIMIZATION_LEVEL = "-Onone";
			};
			name = Debug;
		};
		5274C10C2A7E8E12006D3E1A /* Release */ = {
			isa = XCBuildConfiguration;
			buildSettings = {
				ALWAYS_SEARCH_USER_PATHS = NO;
				CLANG_ANALYZER_NONNULL = YES;
				CLANG_ANALYZER_NUMBER_OBJECT_CONVERSION = YES_AGGRESSIVE;
				CLANG_CXX_LANGUAGE_STANDARD = "gnu++20";
				CLANG_ENABLE_MODULES = YES;
				CLANG_ENABLE_OBJC_ARC = YES;
				CLANG_ENABLE_OBJC_WEAK = YES;
				CLANG_WARN_BLOCK_CAPTURE_AUTORELEASING = YES;
				CLANG_WARN_BOOL_CONVERSION = YES;
				CLANG_WARN_COMMA = YES;
				CLANG_WARN_CONSTANT_CONVERSION = YES;
				CLANG_WARN_DEPRECATED_OBJC_IMPLEMENTATIONS = YES;
				CLANG_WARN_DIRECT_OBJC_ISA_USAGE = YES_ERROR;
				CLANG_WARN_DOCUMENTATION_COMMENTS = YES;
				CLANG_WARN_EMPTY_BODY = YES;
				CLANG_WARN_ENUM_CONVERSION = YES;
				CLANG_WARN_INFINITE_RECURSION = YES;
				CLANG_WARN_INT_CONVERSION = YES;
				CLANG_WARN_NON_LITERAL_NULL_CONVERSION = YES;
				CLANG_WARN_OBJC_IMPLICIT_RETAIN_SELF = YES;
				CLANG_WARN_OBJC_LITERAL_CONVERSION = YES;
				CLANG_WARN_OBJC_ROOT_CLASS = YES_ERROR;
				CLANG_WARN_QUOTED_INCLUDE_IN_FRAMEWORK_HEADER = YES;
				CLANG_WARN_RANGE_LOOP_ANALYSIS = YES;
				CLANG_WARN_STRICT_PROTOTYPES = YES;
				CLANG_WARN_SUSPICIOUS_MOVE = YES;
				CLANG_WARN_UNGUARDED_AVAILABILITY = YES_AGGRESSIVE;
				CLANG_WARN_UNREACHABLE_CODE = YES;
				CLANG_WARN__DUPLICATE_METHOD_MATCH = YES;
				COPY_PHASE_STRIP = NO;
				DEBUG_INFORMATION_FORMAT = "dwarf-with-dsym";
				ENABLE_NS_ASSERTIONS = NO;
				ENABLE_STRICT_OBJC_MSGSEND = YES;
				GCC_C_LANGUAGE_STANDARD = gnu11;
				GCC_NO_COMMON_BLOCKS = YES;
				GCC_WARN_64_TO_32_BIT_CONVERSION = YES;
				GCC_WARN_ABOUT_RETURN_TYPE = YES_ERROR;
				GCC_WARN_UNDECLARED_SELECTOR = YES;
				GCC_WARN_UNINITIALIZED_AUTOS = YES_AGGRESSIVE;
				GCC_WARN_UNUSED_FUNCTION = YES;
				GCC_WARN_UNUSED_VARIABLE = YES;
				IPHONEOS_DEPLOYMENT_TARGET = 16.4;
				MTL_ENABLE_DEBUG_INFO = NO;
				MTL_FAST_MATH = YES;
				SDKROOT = iphoneos;
				SWIFT_COMPILATION_MODE = wholemodule;
				SWIFT_OPTIMIZATION_LEVEL = "-O";
				VALIDATE_PRODUCT = YES;
			};
			name = Release;
		};
		5274C10E2A7E8E12006D3E1A /* Debug */ = {
			isa = XCBuildConfiguration;
			buildSettings = {
				ASSETCATALOG_COMPILER_APPICON_NAME = AppIcon;
				ASSETCATALOG_COMPILER_GLOBAL_ACCENT_COLOR_NAME = AccentColor;
				CODE_SIGN_STYLE = Automatic;
				CURRENT_PROJECT_VERSION = 1;
				DEVELOPMENT_TEAM = 6P3D789X98;
				GENERATE_INFOPLIST_FILE = YES;
				INFOPLIST_FILE = "BMICalculator/Supporting Files/Info.plist";
				INFOPLIST_KEY_UIApplicationSupportsIndirectInputEvents = YES;
				INFOPLIST_KEY_UILaunchStoryboardName = LaunchScreen;
				INFOPLIST_KEY_UIMainStoryboardFile = Main;
				INFOPLIST_KEY_UISupportedInterfaceOrientations_iPad = "UIInterfaceOrientationPortrait UIInterfaceOrientationPortraitUpsideDown UIInterfaceOrientationLandscapeLeft UIInterfaceOrientationLandscapeRight";
				INFOPLIST_KEY_UISupportedInterfaceOrientations_iPhone = "UIInterfaceOrientationPortrait UIInterfaceOrientationLandscapeLeft UIInterfaceOrientationLandscapeRight";
				LD_RUNPATH_SEARCH_PATHS = (
					"$(inherited)",
					"@executable_path/Frameworks",
				);
				MARKETING_VERSION = 1.0;
				PRODUCT_BUNDLE_IDENTIFIER = com.mazrukho.BMICalculator;
				PRODUCT_NAME = "$(TARGET_NAME)";
				SWIFT_EMIT_LOC_STRINGS = YES;
				SWIFT_VERSION = 5.0;
				TARGETED_DEVICE_FAMILY = "1,2";
			};
			name = Debug;
		};
		5274C10F2A7E8E12006D3E1A /* Release */ = {
			isa = XCBuildConfiguration;
			buildSettings = {
				ASSETCATALOG_COMPILER_APPICON_NAME = AppIcon;
				ASSETCATALOG_COMPILER_GLOBAL_ACCENT_COLOR_NAME = AccentColor;
				CODE_SIGN_STYLE = Automatic;
				CURRENT_PROJECT_VERSION = 1;
				DEVELOPMENT_TEAM = 6P3D789X98;
				GENERATE_INFOPLIST_FILE = YES;
				INFOPLIST_FILE = "BMICalculator/Supporting Files/Info.plist";
				INFOPLIST_KEY_UIApplicationSupportsIndirectInputEvents = YES;
				INFOPLIST_KEY_UILaunchStoryboardName = LaunchScreen;
				INFOPLIST_KEY_UIMainStoryboardFile = Main;
				INFOPLIST_KEY_UISupportedInterfaceOrientations_iPad = "UIInterfaceOrientationPortrait UIInterfaceOrientationPortraitUpsideDown UIInterfaceOrientationLandscapeLeft UIInterfaceOrientationLandscapeRight";
				INFOPLIST_KEY_UISupportedInterfaceOrientations_iPhone = "UIInterfaceOrientationPortrait UIInterfaceOrientationLandscapeLeft UIInterfaceOrientationLandscapeRight";
				LD_RUNPATH_SEARCH_PATHS = (
					"$(inherited)",
					"@executable_path/Frameworks",
				);
				MARKETING_VERSION = 1.0;
				PRODUCT_BUNDLE_IDENTIFIER = com.mazrukho.BMICalculator;
				PRODUCT_NAME = "$(TARGET_NAME)";
				SWIFT_EMIT_LOC_STRINGS = YES;
				SWIFT_VERSION = 5.0;
				TARGETED_DEVICE_FAMILY = "1,2";
			};
			name = Release;
		};
/* End XCBuildConfiguration section */

/* Begin XCConfigurationList section */
		5274C0F42A7E8E11006D3E1A /* Build configuration list for PBXProject "BMICalculator" */ = {
			isa = XCConfigurationList;
			buildConfigurations = (
				5274C10B2A7E8E12006D3E1A /* Debug */,
				5274C10C2A7E8E12006D3E1A /* Release */,
			);
			defaultConfigurationIsVisible = 0;
			defaultConfigurationName = Release;
		};
		5274C10D2A7E8E12006D3E1A /* Build configuration list for PBXNativeTarget "BMICalculator" */ = {
			isa = XCConfigurationList;
			buildConfigurations = (
				5274C10E2A7E8E12006D3E1A /* Debug */,
				5274C10F2A7E8E12006D3E1A /* Release */,
			);
			defaultConfigurationIsVisible = 0;
			defaultConfigurationName = Release;
		};
/* End XCConfigurationList section */
	};
	rootObject = 5274C0F12A7E8E11006D3E1A /* Project object */;
}
